// !$*UTF8*$!
{
	archiveVersion = 1;
	classes = {
	};
	objectVersion = 51;
	objects = {

/* Begin PBXBuildFile section */
		327C65D526F3505000594FEA /* AppDelegate.swift in Sources */ = {isa = PBXBuildFile; fileRef = 327C65D426F3505000594FEA /* AppDelegate.swift */; };
		327C65D726F3505000594FEA /* SceneDelegate.swift in Sources */ = {isa = PBXBuildFile; fileRef = 327C65D626F3505000594FEA /* SceneDelegate.swift */; };
		327C65D926F3505000594FEA /* ViewController.swift in Sources */ = {isa = PBXBuildFile; fileRef = 327C65D826F3505000594FEA /* ViewController.swift */; };
		327C65DC26F3505000594FEA /* Main.storyboard in Resources */ = {isa = PBXBuildFile; fileRef = 327C65DA26F3505000594FEA /* Main.storyboard */; };
		327C65DE26F3505100594FEA /* Assets.xcassets in Resources */ = {isa = PBXBuildFile; fileRef = 327C65DD26F3505100594FEA /* Assets.xcassets */; };
		327C65E126F3505100594FEA /* LaunchScreen.storyboard in Resources */ = {isa = PBXBuildFile; fileRef = 327C65DF26F3505100594FEA /* LaunchScreen.storyboard */; };
		95F40B783ACA6C2D65F2FDE9 /* Pods_DiscoverSQLite.framework in Frameworks */ = {isa = PBXBuildFile; fileRef = 01014F8D5AF76293C9E10AB9 /* Pods_DiscoverSQLite.framework */; };
/* End PBXBuildFile section */

/* Begin PBXFileReference section */
		01014F8D5AF76293C9E10AB9 /* Pods_DiscoverSQLite.framework */ = {isa = PBXFileReference; explicitFileType = wrapper.framework; includeInIndex = 0; path = Pods_DiscoverSQLite.framework; sourceTree = BUILT_PRODUCTS_DIR; };
		099DFBCE9B66DDDF73FF05F5 /* Pods-DiscoverSQLite.debug.xcconfig */ = {isa = PBXFileReference; includeInIndex = 1; lastKnownFileType = text.xcconfig; name = "Pods-DiscoverSQLite.debug.xcconfig"; path = "Target Support Files/Pods-DiscoverSQLite/Pods-DiscoverSQLite.debug.xcconfig"; sourceTree = "<group>"; };
		327C65D126F3505000594FEA /* DiscoverSQLite.app */ = {isa = PBXFileReference; explicitFileType = wrapper.application; includeInIndex = 0; path = DiscoverSQLite.app; sourceTree = BUILT_PRODUCTS_DIR; };
		327C65D426F3505000594FEA /* AppDelegate.swift */ = {isa = PBXFileReference; lastKnownFileType = sourcecode.swift; path = AppDelegate.swift; sourceTree = "<group>"; };
		327C65D626F3505000594FEA /* SceneDelegate.swift */ = {isa = PBXFileReference; lastKnownFileType = sourcecode.swift; path = SceneDelegate.swift; sourceTree = "<group>"; };
		327C65D826F3505000594FEA /* ViewController.swift */ = {isa = PBXFileReference; lastKnownFileType = sourcecode.swift; path = ViewController.swift; sourceTree = "<group>"; };
		327C65DB26F3505000594FEA /* Base */ = {isa = PBXFileReference; lastKnownFileType = file.storyboard; name = Base; path = Base.lproj/Main.storyboard; sourceTree = "<group>"; };
		327C65DD26F3505100594FEA /* Assets.xcassets */ = {isa = PBXFileReference; lastKnownFileType = folder.assetcatalog; path = Assets.xcassets; sourceTree = "<group>"; };
		327C65E026F3505100594FEA /* Base */ = {isa = PBXFileReference; lastKnownFileType = file.storyboard; name = Base; path = Base.lproj/LaunchScreen.storyboard; sourceTree = "<group>"; };
		327C65E226F3505100594FEA /* Info.plist */ = {isa = PBXFileReference; lastKnownFileType = text.plist.xml; path = Info.plist; sourceTree = "<group>"; };
		D1109151D0450F66EA5E07BE /* Pods-DiscoverSQLite.release.xcconfig */ = {isa = PBXFileReference; includeInIndex = 1; lastKnownFileType = text.xcconfig; name = "Pods-DiscoverSQLite.release.xcconfig"; path = "Target Support Files/Pods-DiscoverSQLite/Pods-DiscoverSQLite.release.xcconfig"; sourceTree = "<group>"; };
/* End PBXFileReference section */

/* Begin PBXFrameworksBuildPhase section */
		327C65CE26F3505000594FEA /* Frameworks */ = {
			isa = PBXFrameworksBuildPhase;
			buildActionMask = 2147483647;
			files = (
				95F40B783ACA6C2D65F2FDE9 /* Pods_DiscoverSQLite.framework in Frameworks */,
			);
			runOnlyForDeploymentPostprocessing = 0;
		};
/* End PBXFrameworksBuildPhase section */

/* Begin PBXGroup section */
		2DD12A7995CA60DE454A65EB /* Pods */ = {
			isa = PBXGroup;
			children = (
				099DFBCE9B66DDDF73FF05F5 /* Pods-DiscoverSQLite.debug.xcconfig */,
				D1109151D0450F66EA5E07BE /* Pods-DiscoverSQLite.release.xcconfig */,
			);
			path = Pods;
			sourceTree = "<group>";
		};
		327C65C826F3505000594FEA = {
			isa = PBXGroup;
			children = (
				327C65D326F3505000594FEA /* DiscoverSQLite */,
				327C65D226F3505000594FEA /* Products */,
				2DD12A7995CA60DE454A65EB /* Pods */,
				EB2EDA1BBB807023542A115B /* Frameworks */,
			);
			sourceTree = "<group>";
		};
		327C65D226F3505000594FEA /* Products */ = {
			isa = PBXGroup;
			children = (
				327C65D126F3505000594FEA /* DiscoverSQLite.app */,
			);
			name = Products;
			sourceTree = "<group>";
		};
		327C65D326F3505000594FEA /* DiscoverSQLite */ = {
			isa = PBXGroup;
			children = (
				327C65D426F3505000594FEA /* AppDelegate.swift */,
				327C65D626F3505000594FEA /* SceneDelegate.swift */,
				327C65D826F3505000594FEA /* ViewController.swift */,
				327C65DA26F3505000594FEA /* Main.storyboard */,
				327C65DD26F3505100594FEA /* Assets.xcassets */,
				327C65DF26F3505100594FEA /* LaunchScreen.storyboard */,
				327C65E226F3505100594FEA /* Info.plist */,
			);
			path = DiscoverSQLite;
			sourceTree = "<group>";
		};
		EB2EDA1BBB807023542A115B /* Frameworks */ = {
			isa = PBXGroup;
			children = (
				01014F8D5AF76293C9E10AB9 /* Pods_DiscoverSQLite.framework */,
			);
			name = Frameworks;
			sourceTree = "<group>";
		};
/* End PBXGroup section */

/* Begin PBXNativeTarget section */
		327C65D026F3505000594FEA /* DiscoverSQLite */ = {
			isa = PBXNativeTarget;
			buildConfigurationList = 327C65E526F3505100594FEA /* Build configuration list for PBXNativeTarget "DiscoverSQLite" */;
			buildPhases = (
				51853115C66AA836F7923165 /* [CP] Check Pods Manifest.lock */,
				327C65CD26F3505000594FEA /* Sources */,
				327C65CE26F3505000594FEA /* Frameworks */,
				327C65CF26F3505000594FEA /* Resources */,
				9C1079F804C581AF04B12BD2 /* [CP] Embed Pods Frameworks */,
			);
			buildRules = (
			);
			dependencies = (
			);
			name = DiscoverSQLite;
			productName = DiscoverSQLite;
			productReference = 327C65D126F3505000594FEA /* DiscoverSQLite.app */;
			productType = "com.apple.product-type.application";
		};
/* End PBXNativeTarget section */

/* Begin PBXProject section */
		327C65C926F3505000594FEA /* Project object */ = {
			isa = PBXProject;
			attributes = {
				LastSwiftUpdateCheck = 1250;
				LastUpgradeCheck = 1250;
				TargetAttributes = {
					327C65D026F3505000594FEA = {
						CreatedOnToolsVersion = 12.5.1;
					};
				};
			};
			buildConfigurationList = 327C65CC26F3505000594FEA /* Build configuration list for PBXProject "DiscoverSQLite" */;
			compatibilityVersion = "Xcode 9.3";
			developmentRegion = en;
			hasScannedForEncodings = 0;
			knownRegions = (
				en,
				Base,
			);
			mainGroup = 327C65C826F3505000594FEA;
			productRefGroup = 327C65D226F3505000594FEA /* Products */;
			projectDirPath = "";
			projectRoot = "";
			targets = (
				327C65D026F3505000594FEA /* DiscoverSQLite */,
			);
		};
/* End PBXProject section */

/* Begin PBXResourcesBuildPhase section */
		327C65CF26F3505000594FEA /* Resources */ = {
			isa = PBXResourcesBuildPhase;
			buildActionMask = 2147483647;
			files = (
				327C65E126F3505100594FEA /* LaunchScreen.storyboard in Resources */,
				327C65DE26F3505100594FEA /* Assets.xcassets in Resources */,
				327C65DC26F3505000594FEA /* Main.storyboard in Resources */,
			);
			runOnlyForDeploymentPostprocessing = 0;
		};
/* End PBXResourcesBuildPhase section */

/* Begin PBXShellScriptBuildPhase section */
		51853115C66AA836F7923165 /* [CP] Check Pods Manifest.lock */ = {
			isa = PBXShellScriptBuildPhase;
			buildActionMask = 2147483647;
			files = (
			);
			inputFileListPaths = (
			);
			inputPaths = (
				"${PODS_PODFILE_DIR_PATH}/Podfile.lock",
				"${PODS_ROOT}/Manifest.lock",
			);
			name = "[CP] Check Pods Manifest.lock";
			outputFileListPaths = (
			);
			outputPaths = (
				"$(DERIVED_FILE_DIR)/Pods-DiscoverSQLite-checkManifestLockResult.txt",
			);
			runOnlyForDeploymentPostprocessing = 0;
			shellPath = /bin/sh;
			shellScript = "diff \"${PODS_PODFILE_DIR_PATH}/Podfile.lock\" \"${PODS_ROOT}/Manifest.lock\" > /dev/null\nif [ $? != 0 ] ; then\n    # print error to STDERR\n    echo \"error: The sandbox is not in sync with the Podfile.lock. Run 'pod install' or update your CocoaPods installation.\" >&2\n    exit 1\nfi\n# This output is used by Xcode 'outputs' to avoid re-running this script phase.\necho \"SUCCESS\" > \"${SCRIPT_OUTPUT_FILE_0}\"\n";
			showEnvVarsInLog = 0;
		};
		9C1079F804C581AF04B12BD2 /* [CP] Embed Pods Frameworks */ = {
			isa = PBXShellScriptBuildPhase;
			buildActionMask = 2147483647;
			files = (
			);
			inputFileListPaths = (
				"${PODS_ROOT}/Target Support Files/Pods-DiscoverSQLite/Pods-DiscoverSQLite-frameworks-${CONFIGURATION}-input-files.xcfilelist",
			);
			name = "[CP] Embed Pods Frameworks";
			outputFileListPaths = (
				"${PODS_ROOT}/Target Support Files/Pods-DiscoverSQLite/Pods-DiscoverSQLite-frameworks-${CONFIGURATION}-output-files.xcfilelist",
			);
			runOnlyForDeploymentPostprocessing = 0;
			shellPath = /bin/sh;
			shellScript = "\"${PODS_ROOT}/Target Support Files/Pods-DiscoverSQLite/Pods-DiscoverSQLite-frameworks.sh\"\n";
			showEnvVarsInLog = 0;
		};
/* End PBXShellScriptBuildPhase section */

/* Begin PBXSourcesBuildPhase section */
		327C65CD26F3505000594FEA /* Sources */ = {
			isa = PBXSourcesBuildPhase;
			buildActionMask = 2147483647;
			files = (
				327C65D926F3505000594FEA /* ViewController.swift in Sources */,
				327C65D526F3505000594FEA /* AppDelegate.swift in Sources */,
				327C65D726F3505000594FEA /* SceneDelegate.swift in Sources */,
			);
			runOnlyForDeploymentPostprocessing = 0;
		};
/* End PBXSourcesBuildPhase section */

/* Begin PBXVariantGroup section */
		327C65DA26F3505000594FEA /* Main.storyboard */ = {
			isa = PBXVariantGroup;
			children = (
				327C65DB26F3505000594FEA /* Base */,
			);
			name = Main.storyboard;
			sourceTree = "<group>";
		};
		327C65DF26F3505100594FEA /* LaunchScreen.storyboard */ = {
			isa = PBXVariantGroup;
			children = (
				327C65E026F3505100594FEA /* Base */,
			);
			name = LaunchScreen.storyboard;
			sourceTree = "<group>";
		};
/* End PBXVariantGroup section */

/* Begin XCBuildConfiguration section */
		327C65E326F3505100594FEA /* Debug */ = {
			isa = XCBuildConfiguration;
			buildSettings = {
				ALWAYS_SEARCH_USER_PATHS = NO;
				CLANG_ANALYZER_NONNULL = YES;
				CLANG_ANALYZER_NUMBER_OBJECT_CONVERSION = YES_AGGRESSIVE;
				CLANG_CXX_LANGUAGE_STANDARD = "gnu++14";
				CLANG_CXX_LIBRARY = "libc++";
				CLANG_ENABLE_MODULES = YES;
				CLANG_ENABLE_OBJC_ARC = YES;
				CLANG_ENABLE_OBJC_WEAK = YES;
				CLANG_WARN_BLOCK_CAPTURE_AUTORELEASING = YES;
				CLANG_WARN_BOOL_CONVERSION = YES;
				CLANG_WARN_COMMA = YES;
				CLANG_WARN_CONSTANT_CONVERSION = YES;
				CLANG_WARN_DEPRECATED_OBJC_IMPLEMENTATIONS = YES;
				CLANG_WARN_DIRECT_OBJC_ISA_USAGE = YES_ERROR;
				CLANG_WARN_DOCUMENTATION_COMMENTS = YES;
				CLANG_WARN_EMPTY_BODY = YES;
				CLANG_WARN_ENUM_CONVERSION = YES;
				CLANG_WARN_INFINITE_RECURSION = YES;
				CLANG_WARN_INT_CONVERSION = YES;
				CLANG_WARN_NON_LITERAL_NULL_CONVERSION = YES;
				CLANG_WARN_OBJC_IMPLICIT_RETAIN_SELF = YES;
				CLANG_WARN_OBJC_LITERAL_CONVERSION = YES;
				CLANG_WARN_OBJC_ROOT_CLASS = YES_ERROR;
				CLANG_WARN_QUOTED_INCLUDE_IN_FRAMEWORK_HEADER = YES;
				CLANG_WARN_RANGE_LOOP_ANALYSIS = YES;
				CLANG_WARN_STRICT_PROTOTYPES = YES;
				CLANG_WARN_SUSPICIOUS_MOVE = YES;
				CLANG_WARN_UNGUARDED_AVAILABILITY = YES_AGGRESSIVE;
				CLANG_WARN_UNREACHABLE_CODE = YES;
				CLANG_WARN__DUPLICATE_METHOD_MATCH = YES;
				COPY_PHASE_STRIP = NO;
				DEBUG_INFORMATION_FORMAT = dwarf;
				ENABLE_STRICT_OBJC_MSGSEND = YES;
				ENABLE_TESTABILITY = YES;
				GCC_C_LANGUAGE_STANDARD = gnu11;
				GCC_DYNAMIC_NO_PIC = NO;
				GCC_NO_COMMON_BLOCKS = YES;
				GCC_OPTIMIZATION_LEVEL = 0;
				GCC_PREPROCESSOR_DEFINITIONS = (
					"DEBUG=1",
					"$(inherited)",
				);
				GCC_WARN_64_TO_32_BIT_CONVERSION = YES;
				GCC_WARN_ABOUT_RETURN_TYPE = YES_ERROR;
				GCC_WARN_UNDECLARED_SELECTOR = YES;
				GCC_WARN_UNINITIALIZED_AUTOS = YES_AGGRESSIVE;
				GCC_WARN_UNUSED_FUNCTION = YES;
				GCC_WARN_UNUSED_VARIABLE = YES;
				IPHONEOS_DEPLOYMENT_TARGET = 11.0;
				MTL_ENABLE_DEBUG_INFO = INCLUDE_SOURCE;
				MTL_FAST_MATH = YES;
				ONLY_ACTIVE_ARCH = YES;
				SDKROOT = iphoneos;
				SWIFT_ACTIVE_COMPILATION_CONDITIONS = DEBUG;
				SWIFT_OPTIMIZATION_LEVEL = "-Onone";
			};
			name = Debug;
		};
		327C65E426F3505100594FEA /* Release */ = {
			isa = XCBuildConfiguration;
			buildSettings = {
				ALWAYS_SEARCH_USER_PATHS = NO;
				CLANG_ANALYZER_NONNULL = YES;
				CLANG_ANALYZER_NUMBER_OBJECT_CONVERSION = YES_AGGRESSIVE;
				CLANG_CXX_LANGUAGE_STANDARD = "gnu++14";
				CLANG_CXX_LIBRARY = "libc++";
				CLANG_ENABLE_MODULES = YES;
				CLANG_ENABLE_OBJC_ARC = YES;
				CLANG_ENABLE_OBJC_WEAK = YES;
				CLANG_WARN_BLOCK_CAPTURE_AUTORELEASING = YES;
				CLANG_WARN_BOOL_CONVERSION = YES;
				CLANG_WARN_COMMA = YES;
				CLANG_WARN_CONSTANT_CONVERSION = YES;
				CLANG_WARN_DEPRECATED_OBJC_IMPLEMENTATIONS = YES;
				CLANG_WARN_DIRECT_OBJC_ISA_USAGE = YES_ERROR;
				CLANG_WARN_DOCUMENTATION_COMMENTS = YES;
				CLANG_WARN_EMPTY_BODY = YES;
				CLANG_WARN_ENUM_CONVERSION = YES;
				CLANG_WARN_INFINITE_RECURSION = YES;
				CLANG_WARN_INT_CONVERSION = YES;
				CLANG_WARN_NON_LITERAL_NULL_CONVERSION = YES;
				CLANG_WARN_OBJC_IMPLICIT_RETAIN_SELF = YES;
				CLANG_WARN_OBJC_LITERAL_CONVERSION = YES;
				CLANG_WARN_OBJC_ROOT_CLASS = YES_ERROR;
				CLANG_WARN_QUOTED_INCLUDE_IN_FRAMEWORK_HEADER = YES;
				CLANG_WARN_RANGE_LOOP_ANALYSIS = YES;
				CLANG_WARN_STRICT_PROTOTYPES = YES;
				CLANG_WARN_SUSPICIOUS_MOVE = YES;
				CLANG_WARN_UNGUARDED_AVAILABILITY = YES_AGGRESSIVE;
				CLANG_WARN_UNREACHABLE_CODE = YES;
				CLANG_WARN__DUPLICATE_METHOD_MATCH = YES;
				COPY_PHASE_STRIP = NO;
				DEBUG_INFORMATION_FORMAT = "dwarf-with-dsym";
				ENABLE_NS_ASSERTIONS = NO;
				ENABLE_STRICT_OBJC_MSGSEND = YES;
				GCC_C_LANGUAGE_STANDARD = gnu11;
				GCC_NO_COMMON_BLOCKS = YES;
				GCC_WARN_64_TO_32_BIT_CONVERSION = YES;
				GCC_WARN_ABOUT_RETURN_TYPE = YES_ERROR;
				GCC_WARN_UNDECLARED_SELECTOR = YES;
				GCC_WARN_UNINITIALIZED_AUTOS = YES_AGGRESSIVE;
				GCC_WARN_UNUSED_FUNCTION = YES;
				GCC_WARN_UNUSED_VARIABLE = YES;
				IPHONEOS_DEPLOYMENT_TARGET = 11.0;
				MTL_ENABLE_DEBUG_INFO = NO;
				MTL_FAST_MATH = YES;
				SDKROOT = iphoneos;
				SWIFT_COMPILATION_MODE = wholemodule;
				SWIFT_OPTIMIZATION_LEVEL = "-O";
				VALIDATE_PRODUCT = YES;
			};
			name = Release;
		};
		327C65E626F3505100594FEA /* Debug */ = {
			isa = XCBuildConfiguration;
			baseConfigurationReference = 099DFBCE9B66DDDF73FF05F5 /* Pods-DiscoverSQLite.debug.xcconfig */;
			buildSettings = {
				ASSETCATALOG_COMPILER_APPICON_NAME = AppIcon;
				ASSETCATALOG_COMPILER_GLOBAL_ACCENT_COLOR_NAME = AccentColor;
				CODE_SIGN_STYLE = Automatic;
				DEVELOPMENT_TEAM = 2V2W2494TP;
				INFOPLIST_FILE = DiscoverSQLite/Info.plist;
				IPHONEOS_DEPLOYMENT_TARGET = 11.0;
				LD_RUNPATH_SEARCH_PATHS = (
					"$(inherited)",
					"@executable_path/Frameworks",
				);
				PRODUCT_BUNDLE_IDENTIFIER = "tw.com.mitake.DiscoverSQLite-swift";
				PRODUCT_NAME = "$(TARGET_NAME)";
				SWIFT_VERSION = 5.0;
				TARGETED_DEVICE_FAMILY = "1,2";
			};
			name = Debug;
		};
		327C65E726F3505100594FEA /* Release */ = {
			isa = XCBuildConfiguration;
			baseConfigurationReference = D1109151D0450F66EA5E07BE /* Pods-DiscoverSQLite.release.xcconfig */;
			buildSettings = {
				ASSETCATALOG_COMPILER_APPICON_NAME = AppIcon;
				ASSETCATALOG_COMPILER_GLOBAL_ACCENT_COLOR_NAME = AccentColor;
				CODE_SIGN_STYLE = Automatic;
				DEVELOPMENT_TEAM = 2V2W2494TP;
				INFOPLIST_FILE = DiscoverSQLite/Info.plist;
				IPHONEOS_DEPLOYMENT_TARGET = 11.0;
				LD_RUNPATH_SEARCH_PATHS = (
					"$(inherited)",
					"@executable_path/Frameworks",
				);
				PRODUCT_BUNDLE_IDENTIFIER = "tw.com.mitake.DiscoverSQLite-swift";
				PRODUCT_NAME = "$(TARGET_NAME)";
				SWIFT_VERSION = 5.0;
				TARGETED_DEVICE_FAMILY = "1,2";
			};
			name = Release;
		};
/* End XCBuildConfiguration section */

/* Begin XCConfigurationList section */
		327C65CC26F3505000594FEA /* Build configuration list for PBXProject "DiscoverSQLite" */ = {
			isa = XCConfigurationList;
			buildConfigurations = (
				327C65E326F3505100594FEA /* Debug */,
				327C65E426F3505100594FEA /* Release */,
			);
			defaultConfigurationIsVisible = 0;
			defaultConfigurationName = Release;
		};
		327C65E526F3505100594FEA /* Build configuration list for PBXNativeTarget "DiscoverSQLite" */ = {
			isa = XCConfigurationList;
			buildConfigurations = (
				327C65E626F3505100594FEA /* Debug */,
				327C65E726F3505100594FEA /* Release */,
			);
			defaultConfigurationIsVisible = 0;
			defaultConfigurationName = Release;
		};
/* End XCConfigurationList section */
	};
	rootObject = 327C65C926F3505000594FEA /* Project object */;
}
